
Microsoft Visual Studio Solution File, Format Version 12.00
# Visual Studio Version 16
VisualStudioVersion = 16.0.30711.63
MinimumVisualStudioVersion = 10.0.40219.1
Project("{FAE04EC0-301F-11D3-BF4B-00C04F79EFBC}") = "Music2021", "Music2021.csproj", "{107E4215-8195-49C5-9585-FE620147E36B}"
EndProject
Global
	GlobalSection(SolutionConfigurationPlatforms) = preSolution
		Debug|Any CPU = Debug|Any CPU
		Release|Any CPU = Release|Any CPU
	EndGlobalSection
	GlobalSection(ProjectConfigurationPlatforms) = postSolution
		{107E4215-8195-49C5-9585-FE620147E36B}.Debug|Any CPU.ActiveCfg = Debug|Any CPU
		{107E4215-8195-49C5-9585-FE620147E36B}.Debug|Any CPU.Build.0 = Debug|Any CPU
		{107E4215-8195-49C5-9585-FE620147E36B}.Release|Any CPU.ActiveCfg = Release|Any CPU
		{107E4215-8195-49C5-9585-FE620147E36B}.Release|Any CPU.Build.0 = Release|Any CPU
	EndGlobalSection
	GlobalSection(SolutionProperties) = preSolution
		HideSolutionNode = FALSE
	EndGlobalSection
	GlobalSection(ExtensibilityGlobals) = postSolution
		SolutionGuid = {9F974B24-16A9-45D4-8431-E2E8DD6D3AA5}
	EndGlobalSection
EndGlobal
